// !$*UTF8*$!
{
	archiveVersion = 1;
	classes = {
	};
	objectVersion = 52;
	objects = {

/* Begin PBXBuildFile section */
		FC11DA3B2475795C00BBC780 /* SwiftyJSON in Frameworks */ = {isa = PBXBuildFile; productRef = FC11DA3A2475795C00BBC780 /* SwiftyJSON */; };
		FC11DA3D247595A900BBC780 /* Podcast.swift in Sources */ = {isa = PBXBuildFile; fileRef = FC11DA3C247595A900BBC780 /* Podcast.swift */; };
		FC11DA3F24759A2B00BBC780 /* PodcastCell.swift in Sources */ = {isa = PBXBuildFile; fileRef = FC11DA3E24759A2B00BBC780 /* PodcastCell.swift */; };
		FC2C0B47246CCD7300534778 /* AppDelegate.swift in Sources */ = {isa = PBXBuildFile; fileRef = FC2C0B46246CCD7300534778 /* AppDelegate.swift */; };
		FC2C0B49246CCD7300534778 /* SceneDelegate.swift in Sources */ = {isa = PBXBuildFile; fileRef = FC2C0B48246CCD7300534778 /* SceneDelegate.swift */; };
		FC2C0B50246CCD7500534778 /* Assets.xcassets in Resources */ = {isa = PBXBuildFile; fileRef = FC2C0B4F246CCD7500534778 /* Assets.xcassets */; };
		FC2C0B53246CCD7500534778 /* LaunchScreen.storyboard in Resources */ = {isa = PBXBuildFile; fileRef = FC2C0B51246CCD7500534778 /* LaunchScreen.storyboard */; };
		FC2C0B5B246CCE5700534778 /* RHTabBarController.swift in Sources */ = {isa = PBXBuildFile; fileRef = FC2C0B5A246CCE5700534778 /* RHTabBarController.swift */; };
		FC2C0B5D246CCEF700534778 /* NewsVC.swift in Sources */ = {isa = PBXBuildFile; fileRef = FC2C0B5C246CCEF700534778 /* NewsVC.swift */; };
		FC2C0B5F246CCF0700534778 /* YouTubeVC.swift in Sources */ = {isa = PBXBuildFile; fileRef = FC2C0B5E246CCF0700534778 /* YouTubeVC.swift */; };
		FC2C0B61246CCF1800534778 /* PodcastVC.swift in Sources */ = {isa = PBXBuildFile; fileRef = FC2C0B60246CCF1800534778 /* PodcastVC.swift */; };
		FC2C0B63246CD0F500534778 /* Constants.swift in Sources */ = {isa = PBXBuildFile; fileRef = FC2C0B62246CD0F500534778 /* Constants.swift */; };
		FC2C0B68246D868800534778 /* FeedKit in Frameworks */ = {isa = PBXBuildFile; productRef = FC2C0B67246D868800534778 /* FeedKit */; };
		FC2C0B6A246D8A1A00534778 /* UIView+Ext.swift in Sources */ = {isa = PBXBuildFile; fileRef = FC2C0B69246D8A1A00534778 /* UIView+Ext.swift */; };
		FC2C0B6C246D8C2D00534778 /* RHTableCell.swift in Sources */ = {isa = PBXBuildFile; fileRef = FC2C0B6B246D8C2D00534778 /* RHTableCell.swift */; };
		FC2C0B6F246D969A00534778 /* Article.swift in Sources */ = {isa = PBXBuildFile; fileRef = FC2C0B6E246D969A00534778 /* Article.swift */; };
		FCA239E2246DEC68006C077C /* RHTitleLabel.swift in Sources */ = {isa = PBXBuildFile; fileRef = FCA239E1246DEC68006C077C /* RHTitleLabel.swift */; };
		FCA239E4246DEC9D006C077C /* RHSecondaryTitleLabel.swift in Sources */ = {isa = PBXBuildFile; fileRef = FCA239E3246DEC9D006C077C /* RHSecondaryTitleLabel.swift */; };
		FCA239E6246DECAD006C077C /* RHBodyLabel.swift in Sources */ = {isa = PBXBuildFile; fileRef = FCA239E5246DECAD006C077C /* RHBodyLabel.swift */; };
		FCC3961D2473180F0001EA33 /* Video.swift in Sources */ = {isa = PBXBuildFile; fileRef = FCC3961C2473180F0001EA33 /* Video.swift */; };
		FCC39621247337E50001EA33 /* NetworkManager.swift in Sources */ = {isa = PBXBuildFile; fileRef = FCC39620247337E50001EA33 /* NetworkManager.swift */; };
		FCDF79472475B03C00CB5B55 /* Alamofire in Frameworks */ = {isa = PBXBuildFile; productRef = FCDF79462475B03C00CB5B55 /* Alamofire */; };
		FCFA3D712474A3DF00FDD0B3 /* VideoCell.swift in Sources */ = {isa = PBXBuildFile; fileRef = FCFA3D702474A3DE00FDD0B3 /* VideoCell.swift */; };
/* End PBXBuildFile section */

/* Begin PBXFileReference section */
		FC11DA3C247595A900BBC780 /* Podcast.swift */ = {isa = PBXFileReference; lastKnownFileType = sourcecode.swift; path = Podcast.swift; sourceTree = "<group>"; };
		FC11DA3E24759A2B00BBC780 /* PodcastCell.swift */ = {isa = PBXFileReference; lastKnownFileType = sourcecode.swift; path = PodcastCell.swift; sourceTree = "<group>"; };
		FC2C0B43246CCD7300534778 /* RingerHub.app */ = {isa = PBXFileReference; explicitFileType = wrapper.application; includeInIndex = 0; path = RingerHub.app; sourceTree = BUILT_PRODUCTS_DIR; };
		FC2C0B46246CCD7300534778 /* AppDelegate.swift */ = {isa = PBXFileReference; lastKnownFileType = sourcecode.swift; path = AppDelegate.swift; sourceTree = "<group>"; };
		FC2C0B48246CCD7300534778 /* SceneDelegate.swift */ = {isa = PBXFileReference; lastKnownFileType = sourcecode.swift; path = SceneDelegate.swift; sourceTree = "<group>"; };
		FC2C0B4F246CCD7500534778 /* Assets.xcassets */ = {isa = PBXFileReference; lastKnownFileType = folder.assetcatalog; path = Assets.xcassets; sourceTree = "<group>"; };
		FC2C0B52246CCD7500534778 /* Base */ = {isa = PBXFileReference; lastKnownFileType = file.storyboard; name = Base; path = Base.lproj/LaunchScreen.storyboard; sourceTree = "<group>"; };
		FC2C0B54246CCD7500534778 /* Info.plist */ = {isa = PBXFileReference; lastKnownFileType = text.plist.xml; path = Info.plist; sourceTree = "<group>"; };
		FC2C0B5A246CCE5700534778 /* RHTabBarController.swift */ = {isa = PBXFileReference; lastKnownFileType = sourcecode.swift; path = RHTabBarController.swift; sourceTree = "<group>"; };
		FC2C0B5C246CCEF700534778 /* NewsVC.swift */ = {isa = PBXFileReference; lastKnownFileType = sourcecode.swift; path = NewsVC.swift; sourceTree = "<group>"; };
		FC2C0B5E246CCF0700534778 /* YouTubeVC.swift */ = {isa = PBXFileReference; lastKnownFileType = sourcecode.swift; path = YouTubeVC.swift; sourceTree = "<group>"; };
		FC2C0B60246CCF1800534778 /* PodcastVC.swift */ = {isa = PBXFileReference; lastKnownFileType = sourcecode.swift; path = PodcastVC.swift; sourceTree = "<group>"; };
		FC2C0B62246CD0F500534778 /* Constants.swift */ = {isa = PBXFileReference; lastKnownFileType = sourcecode.swift; path = Constants.swift; sourceTree = "<group>"; };
		FC2C0B69246D8A1A00534778 /* UIView+Ext.swift */ = {isa = PBXFileReference; lastKnownFileType = sourcecode.swift; path = "UIView+Ext.swift"; sourceTree = "<group>"; };
		FC2C0B6B246D8C2D00534778 /* RHTableCell.swift */ = {isa = PBXFileReference; lastKnownFileType = sourcecode.swift; path = RHTableCell.swift; sourceTree = "<group>"; };
		FC2C0B6E246D969A00534778 /* Article.swift */ = {isa = PBXFileReference; lastKnownFileType = sourcecode.swift; path = Article.swift; sourceTree = "<group>"; };
		FCA239E1246DEC68006C077C /* RHTitleLabel.swift */ = {isa = PBXFileReference; lastKnownFileType = sourcecode.swift; path = RHTitleLabel.swift; sourceTree = "<group>"; };
		FCA239E3246DEC9D006C077C /* RHSecondaryTitleLabel.swift */ = {isa = PBXFileReference; lastKnownFileType = sourcecode.swift; path = RHSecondaryTitleLabel.swift; sourceTree = "<group>"; };
		FCA239E5246DECAD006C077C /* RHBodyLabel.swift */ = {isa = PBXFileReference; lastKnownFileType = sourcecode.swift; path = RHBodyLabel.swift; sourceTree = "<group>"; };
		FCC3961C2473180F0001EA33 /* Video.swift */ = {isa = PBXFileReference; lastKnownFileType = sourcecode.swift; path = Video.swift; sourceTree = "<group>"; };
		FCC39620247337E50001EA33 /* NetworkManager.swift */ = {isa = PBXFileReference; lastKnownFileType = sourcecode.swift; path = NetworkManager.swift; sourceTree = "<group>"; };
		FCFA3D702474A3DE00FDD0B3 /* VideoCell.swift */ = {isa = PBXFileReference; lastKnownFileType = sourcecode.swift; path = VideoCell.swift; sourceTree = "<group>"; };
/* End PBXFileReference section */

/* Begin PBXFrameworksBuildPhase section */
		FC2C0B40246CCD7300534778 /* Frameworks */ = {
			isa = PBXFrameworksBuildPhase;
			buildActionMask = 2147483647;
			files = (
				FCDF79472475B03C00CB5B55 /* Alamofire in Frameworks */,
				FC11DA3B2475795C00BBC780 /* SwiftyJSON in Frameworks */,
				FC2C0B68246D868800534778 /* FeedKit in Frameworks */,
			);
			runOnlyForDeploymentPostprocessing = 0;
		};
/* End PBXFrameworksBuildPhase section */

/* Begin PBXGroup section */
		FC2C0B3A246CCD7300534778 = {
			isa = PBXGroup;
			children = (
				FC2C0B45246CCD7300534778 /* RingerHub */,
				FC2C0B44246CCD7300534778 /* Products */,
			);
			sourceTree = "<group>";
		};
		FC2C0B44246CCD7300534778 /* Products */ = {
			isa = PBXGroup;
			children = (
				FC2C0B43246CCD7300534778 /* RingerHub.app */,
			);
			name = Products;
			sourceTree = "<group>";
		};
		FC2C0B45246CCD7300534778 /* RingerHub */ = {
			isa = PBXGroup;
			children = (
				FC2C0B6D246D967900534778 /* Model */,
				FCDF79492476CEF700CB5B55 /* Custom Views */,
				FCDF79482476CEC000CB5B55 /* View Controllers */,
				FC2C0B46246CCD7300534778 /* AppDelegate.swift */,
				FC2C0B48246CCD7300534778 /* SceneDelegate.swift */,
				FC2C0B4F246CCD7500534778 /* Assets.xcassets */,
				FC2C0B51246CCD7500534778 /* LaunchScreen.storyboard */,
				FC2C0B54246CCD7500534778 /* Info.plist */,
				FCDF794A2476CF3300CB5B55 /* Utilities and Ext */,
			);
			path = RingerHub;
			sourceTree = "<group>";
		};
		FC2C0B6D246D967900534778 /* Model */ = {
			isa = PBXGroup;
			children = (
				FC2C0B6E246D969A00534778 /* Article.swift */,
				FCC3961C2473180F0001EA33 /* Video.swift */,
				FC11DA3C247595A900BBC780 /* Podcast.swift */,
			);
			path = Model;
			sourceTree = "<group>";
		};
		FCDF79482476CEC000CB5B55 /* View Controllers */ = {
			isa = PBXGroup;
			children = (
				FC2C0B5A246CCE5700534778 /* RHTabBarController.swift */,
				FC2C0B5C246CCEF700534778 /* NewsVC.swift */,
				FC2C0B5E246CCF0700534778 /* YouTubeVC.swift */,
				FC2C0B60246CCF1800534778 /* PodcastVC.swift */,
			);
			path = "View Controllers";
			sourceTree = "<group>";
		};
		FCDF79492476CEF700CB5B55 /* Custom Views */ = {
			isa = PBXGroup;
			children = (
				FCA239E1246DEC68006C077C /* RHTitleLabel.swift */,
				FC2C0B6B246D8C2D00534778 /* RHTableCell.swift */,
				FCA239E3246DEC9D006C077C /* RHSecondaryTitleLabel.swift */,
				FCA239E5246DECAD006C077C /* RHBodyLabel.swift */,
				FCFA3D702474A3DE00FDD0B3 /* VideoCell.swift */,
				FC11DA3E24759A2B00BBC780 /* PodcastCell.swift */,
			);
			path = "Custom Views";
			sourceTree = "<group>";
		};
		FCDF794A2476CF3300CB5B55 /* Utilities and Ext */ = {
			isa = PBXGroup;
			children = (
				FCC39620247337E50001EA33 /* NetworkManager.swift */,
				FC2C0B69246D8A1A00534778 /* UIView+Ext.swift */,
				FC2C0B62246CD0F500534778 /* Constants.swift */,
			);
			path = "Utilities and Ext";
			sourceTree = "<group>";
		};
/* End PBXGroup section */

/* Begin PBXNativeTarget section */
		FC2C0B42246CCD7300534778 /* RingerHub */ = {
			isa = PBXNativeTarget;
			buildConfigurationList = FC2C0B57246CCD7500534778 /* Build configuration list for PBXNativeTarget "RingerHub" */;
			buildPhases = (
				FC2C0B3F246CCD7300534778 /* Sources */,
				FC2C0B40246CCD7300534778 /* Frameworks */,
				FC2C0B41246CCD7300534778 /* Resources */,
			);
			buildRules = (
			);
			dependencies = (
			);
			name = RingerHub;
			packageProductDependencies = (
				FC2C0B67246D868800534778 /* FeedKit */,
				FC11DA3A2475795C00BBC780 /* SwiftyJSON */,
				FCDF79462475B03C00CB5B55 /* Alamofire */,
			);
			productName = RingerHub;
			productReference = FC2C0B43246CCD7300534778 /* RingerHub.app */;
			productType = "com.apple.product-type.application";
		};
/* End PBXNativeTarget section */

/* Begin PBXProject section */
		FC2C0B3B246CCD7300534778 /* Project object */ = {
			isa = PBXProject;
			attributes = {
				LastSwiftUpdateCheck = 1140;
				LastUpgradeCheck = 1140;
				ORGANIZATIONNAME = "Jon Miller";
				TargetAttributes = {
					FC2C0B42246CCD7300534778 = {
						CreatedOnToolsVersion = 11.4.1;
					};
				};
			};
			buildConfigurationList = FC2C0B3E246CCD7300534778 /* Build configuration list for PBXProject "RingerHub" */;
			compatibilityVersion = "Xcode 9.3";
			developmentRegion = en;
			hasScannedForEncodings = 0;
			knownRegions = (
				en,
				Base,
			);
			mainGroup = FC2C0B3A246CCD7300534778;
			packageReferences = (
				FC2C0B66246D868800534778 /* XCRemoteSwiftPackageReference "FeedKit" */,
				FC11DA392475795C00BBC780 /* XCRemoteSwiftPackageReference "SwiftyJSON" */,
				FCDF79452475B03C00CB5B55 /* XCRemoteSwiftPackageReference "Alamofire" */,
			);
			productRefGroup = FC2C0B44246CCD7300534778 /* Products */;
			projectDirPath = "";
			projectRoot = "";
			targets = (
				FC2C0B42246CCD7300534778 /* RingerHub */,
			);
		};
/* End PBXProject section */

/* Begin PBXResourcesBuildPhase section */
		FC2C0B41246CCD7300534778 /* Resources */ = {
			isa = PBXResourcesBuildPhase;
			buildActionMask = 2147483647;
			files = (
				FC2C0B53246CCD7500534778 /* LaunchScreen.storyboard in Resources */,
				FC2C0B50246CCD7500534778 /* Assets.xcassets in Resources */,
			);
			runOnlyForDeploymentPostprocessing = 0;
		};
/* End PBXResourcesBuildPhase section */

/* Begin PBXSourcesBuildPhase section */
		FC2C0B3F246CCD7300534778 /* Sources */ = {
			isa = PBXSourcesBuildPhase;
			buildActionMask = 2147483647;
			files = (
				FC2C0B6F246D969A00534778 /* Article.swift in Sources */,
				FC11DA3D247595A900BBC780 /* Podcast.swift in Sources */,
				FCFA3D712474A3DF00FDD0B3 /* VideoCell.swift in Sources */,
				FC2C0B5F246CCF0700534778 /* YouTubeVC.swift in Sources */,
				FC2C0B61246CCF1800534778 /* PodcastVC.swift in Sources */,
				FC2C0B47246CCD7300534778 /* AppDelegate.swift in Sources */,
				FC2C0B5D246CCEF700534778 /* NewsVC.swift in Sources */,
				FCC3961D2473180F0001EA33 /* Video.swift in Sources */,
				FCA239E6246DECAD006C077C /* RHBodyLabel.swift in Sources */,
				FC2C0B6A246D8A1A00534778 /* UIView+Ext.swift in Sources */,
				FC2C0B6C246D8C2D00534778 /* RHTableCell.swift in Sources */,
				FCA239E2246DEC68006C077C /* RHTitleLabel.swift in Sources */,
				FC2C0B63246CD0F500534778 /* Constants.swift in Sources */,
				FC2C0B5B246CCE5700534778 /* RHTabBarController.swift in Sources */,
				FCC39621247337E50001EA33 /* NetworkManager.swift in Sources */,
				FCA239E4246DEC9D006C077C /* RHSecondaryTitleLabel.swift in Sources */,
				FC11DA3F24759A2B00BBC780 /* PodcastCell.swift in Sources */,
				FC2C0B49246CCD7300534778 /* SceneDelegate.swift in Sources */,
			);
			runOnlyForDeploymentPostprocessing = 0;
		};
/* End PBXSourcesBuildPhase section */

/* Begin PBXVariantGroup section */
		FC2C0B51246CCD7500534778 /* LaunchScreen.storyboard */ = {
			isa = PBXVariantGroup;
			children = (
				FC2C0B52246CCD7500534778 /* Base */,
			);
			name = LaunchScreen.storyboard;
			sourceTree = "<group>";
		};
/* End PBXVariantGroup section */

/* Begin XCBuildConfiguration section */
		FC2C0B55246CCD7500534778 /* Debug */ = {
			isa = XCBuildConfiguration;
			buildSettings = {
				ALWAYS_SEARCH_USER_PATHS = NO;
				CLANG_ANALYZER_NONNULL = YES;
				CLANG_ANALYZER_NUMBER_OBJECT_CONVERSION = YES_AGGRESSIVE;
				CLANG_CXX_LANGUAGE_STANDARD = "gnu++14";
				CLANG_CXX_LIBRARY = "libc++";
				CLANG_ENABLE_MODULES = YES;
				CLANG_ENABLE_OBJC_ARC = YES;
				CLANG_ENABLE_OBJC_WEAK = YES;
				CLANG_WARN_BLOCK_CAPTURE_AUTORELEASING = YES;
				CLANG_WARN_BOOL_CONVERSION = YES;
				CLANG_WARN_COMMA = YES;
				CLANG_WARN_CONSTANT_CONVERSION = YES;
				CLANG_WARN_DEPRECATED_OBJC_IMPLEMENTATIONS = YES;
				CLANG_WARN_DIRECT_OBJC_ISA_USAGE = YES_ERROR;
				CLANG_WARN_DOCUMENTATION_COMMENTS = YES;
				CLANG_WARN_EMPTY_BODY = YES;
				CLANG_WARN_ENUM_CONVERSION = YES;
				CLANG_WARN_INFINITE_RECURSION = YES;
				CLANG_WARN_INT_CONVERSION = YES;
				CLANG_WARN_NON_LITERAL_NULL_CONVERSION = YES;
				CLANG_WARN_OBJC_IMPLICIT_RETAIN_SELF = YES;
				CLANG_WARN_OBJC_LITERAL_CONVERSION = YES;
				CLANG_WARN_OBJC_ROOT_CLASS = YES_ERROR;
				CLANG_WARN_RANGE_LOOP_ANALYSIS = YES;
				CLANG_WARN_STRICT_PROTOTYPES = YES;
				CLANG_WARN_SUSPICIOUS_MOVE = YES;
				CLANG_WARN_UNGUARDED_AVAILABILITY = YES_AGGRESSIVE;
				CLANG_WARN_UNREACHABLE_CODE = YES;
				CLANG_WARN__DUPLICATE_METHOD_MATCH = YES;
				COPY_PHASE_STRIP = NO;
				DEBUG_INFORMATION_FORMAT = dwarf;
				ENABLE_STRICT_OBJC_MSGSEND = YES;
				ENABLE_TESTABILITY = YES;
				GCC_C_LANGUAGE_STANDARD = gnu11;
				GCC_DYNAMIC_NO_PIC = NO;
				GCC_NO_COMMON_BLOCKS = YES;
				GCC_OPTIMIZATION_LEVEL = 0;
				GCC_PREPROCESSOR_DEFINITIONS = (
					"DEBUG=1",
					"$(inherited)",
				);
				GCC_WARN_64_TO_32_BIT_CONVERSION = YES;
				GCC_WARN_ABOUT_RETURN_TYPE = YES_ERROR;
				GCC_WARN_UNDECLARED_SELECTOR = YES;
				GCC_WARN_UNINITIALIZED_AUTOS = YES_AGGRESSIVE;
				GCC_WARN_UNUSED_FUNCTION = YES;
				GCC_WARN_UNUSED_VARIABLE = YES;
				IPHONEOS_DEPLOYMENT_TARGET = 13.4;
				MTL_ENABLE_DEBUG_INFO = INCLUDE_SOURCE;
				MTL_FAST_MATH = YES;
				ONLY_ACTIVE_ARCH = YES;
				SDKROOT = iphoneos;
				SWIFT_ACTIVE_COMPILATION_CONDITIONS = DEBUG;
				SWIFT_OPTIMIZATION_LEVEL = "-Onone";
			};
			name = Debug;
		};
		FC2C0B56246CCD7500534778 /* Release */ = {
			isa = XCBuildConfiguration;
			buildSettings = {
				ALWAYS_SEARCH_USER_PATHS = NO;
				CLANG_ANALYZER_NONNULL = YES;
				CLANG_ANALYZER_NUMBER_OBJECT_CONVERSION = YES_AGGRESSIVE;
				CLANG_CXX_LANGUAGE_STANDARD = "gnu++14";
				CLANG_CXX_LIBRARY = "libc++";
				CLANG_ENABLE_MODULES = YES;
				CLANG_ENABLE_OBJC_ARC = YES;
				CLANG_ENABLE_OBJC_WEAK = YES;
				CLANG_WARN_BLOCK_CAPTURE_AUTORELEASING = YES;
				CLANG_WARN_BOOL_CONVERSION = YES;
				CLANG_WARN_COMMA = YES;
				CLANG_WARN_CONSTANT_CONVERSION = YES;
				CLANG_WARN_DEPRECATED_OBJC_IMPLEMENTATIONS = YES;
				CLANG_WARN_DIRECT_OBJC_ISA_USAGE = YES_ERROR;
				CLANG_WARN_DOCUMENTATION_COMMENTS = YES;
				CLANG_WARN_EMPTY_BODY = YES;
				CLANG_WARN_ENUM_CONVERSION = YES;
				CLANG_WARN_INFINITE_RECURSION = YES;
				CLANG_WARN_INT_CONVERSION = YES;
				CLANG_WARN_NON_LITERAL_NULL_CONVERSION = YES;
				CLANG_WARN_OBJC_IMPLICIT_RETAIN_SELF = YES;
				CLANG_WARN_OBJC_LITERAL_CONVERSION = YES;
				CLANG_WARN_OBJC_ROOT_CLASS = YES_ERROR;
				CLANG_WARN_RANGE_LOOP_ANALYSIS = YES;
				CLANG_WARN_STRICT_PROTOTYPES = YES;
				CLANG_WARN_SUSPICIOUS_MOVE = YES;
				CLANG_WARN_UNGUARDED_AVAILABILITY = YES_AGGRESSIVE;
				CLANG_WARN_UNREACHABLE_CODE = YES;
				CLANG_WARN__DUPLICATE_METHOD_MATCH = YES;
				COPY_PHASE_STRIP = NO;
				DEBUG_INFORMATION_FORMAT = "dwarf-with-dsym";
				ENABLE_NS_ASSERTIONS = NO;
				ENABLE_STRICT_OBJC_MSGSEND = YES;
				GCC_C_LANGUAGE_STANDARD = gnu11;
				GCC_NO_COMMON_BLOCKS = YES;
				GCC_WARN_64_TO_32_BIT_CONVERSION = YES;
				GCC_WARN_ABOUT_RETURN_TYPE = YES_ERROR;
				GCC_WARN_UNDECLARED_SELECTOR = YES;
				GCC_WARN_UNINITIALIZED_AUTOS = YES_AGGRESSIVE;
				GCC_WARN_UNUSED_FUNCTION = YES;
				GCC_WARN_UNUSED_VARIABLE = YES;
				IPHONEOS_DEPLOYMENT_TARGET = 13.4;
				MTL_ENABLE_DEBUG_INFO = NO;
				MTL_FAST_MATH = YES;
				SDKROOT = iphoneos;
				SWIFT_COMPILATION_MODE = wholemodule;
				SWIFT_OPTIMIZATION_LEVEL = "-O";
				VALIDATE_PRODUCT = YES;
			};
			name = Release;
		};
		FC2C0B58246CCD7500534778 /* Debug */ = {
			isa = XCBuildConfiguration;
			buildSettings = {
				ASSETCATALOG_COMPILER_APPICON_NAME = AppIcon;
				CODE_SIGN_STYLE = Automatic;
				DEVELOPMENT_TEAM = B7VYUE4QT5;
				INFOPLIST_FILE = RingerHub/Info.plist;
				LD_RUNPATH_SEARCH_PATHS = (
					"$(inherited)",
					"@executable_path/Frameworks",
				);
				PRODUCT_BUNDLE_IDENTIFIER = com.JonMiller.RingerHub;
				PRODUCT_NAME = "$(TARGET_NAME)";
				SWIFT_VERSION = 5.0;
				TARGETED_DEVICE_FAMILY = "1,2";
			};
			name = Debug;
		};
		FC2C0B59246CCD7500534778 /* Release */ = {
			isa = XCBuildConfiguration;
			buildSettings = {
				ASSETCATALOG_COMPILER_APPICON_NAME = AppIcon;
				CODE_SIGN_STYLE = Automatic;
				DEVELOPMENT_TEAM = B7VYUE4QT5;
				INFOPLIST_FILE = RingerHub/Info.plist;
				LD_RUNPATH_SEARCH_PATHS = (
					"$(inherited)",
					"@executable_path/Frameworks",
				);
				PRODUCT_BUNDLE_IDENTIFIER = com.JonMiller.RingerHub;
				PRODUCT_NAME = "$(TARGET_NAME)";
				SWIFT_VERSION = 5.0;
				TARGETED_DEVICE_FAMILY = "1,2";
			};
			name = Release;
		};
/* End XCBuildConfiguration section */

/* Begin XCConfigurationList section */
		FC2C0B3E246CCD7300534778 /* Build configuration list for PBXProject "RingerHub" */ = {
			isa = XCConfigurationList;
			buildConfigurations = (
				FC2C0B55246CCD7500534778 /* Debug */,
				FC2C0B56246CCD7500534778 /* Release */,
			);
			defaultConfigurationIsVisible = 0;
			defaultConfigurationName = Release;
		};
		FC2C0B57246CCD7500534778 /* Build configuration list for PBXNativeTarget "RingerHub" */ = {
			isa = XCConfigurationList;
			buildConfigurations = (
				FC2C0B58246CCD7500534778 /* Debug */,
				FC2C0B59246CCD7500534778 /* Release */,
			);
			defaultConfigurationIsVisible = 0;
			defaultConfigurationName = Release;
		};
/* End XCConfigurationList section */

/* Begin XCRemoteSwiftPackageReference section */
		FC11DA392475795C00BBC780 /* XCRemoteSwiftPackageReference "SwiftyJSON" */ = {
			isa = XCRemoteSwiftPackageReference;
			repositoryURL = "https://github.com/SwiftyJSON/SwiftyJSON.git";
			requirement = {
				kind = upToNextMajorVersion;
				minimumVersion = 5.0.0;
			};
		};
		FC2C0B66246D868800534778 /* XCRemoteSwiftPackageReference "FeedKit" */ = {
			isa = XCRemoteSwiftPackageReference;
			repositoryURL = "https://github.com/nmdias/FeedKit.git";
			requirement = {
				kind = upToNextMajorVersion;
				minimumVersion = 9.1.2;
			};
		};
		FCDF79452475B03C00CB5B55 /* XCRemoteSwiftPackageReference "Alamofire" */ = {
			isa = XCRemoteSwiftPackageReference;
			repositoryURL = "https://github.com/Alamofire/Alamofire.git";
			requirement = {
				kind = upToNextMajorVersion;
				minimumVersion = 5.2.0;
			};
		};
/* End XCRemoteSwiftPackageReference section */

/* Begin XCSwiftPackageProductDependency section */
		FC11DA3A2475795C00BBC780 /* SwiftyJSON */ = {
			isa = XCSwiftPackageProductDependency;
			package = FC11DA392475795C00BBC780 /* XCRemoteSwiftPackageReference "SwiftyJSON" */;
			productName = SwiftyJSON;
		};
		FC2C0B67246D868800534778 /* FeedKit */ = {
			isa = XCSwiftPackageProductDependency;
			package = FC2C0B66246D868800534778 /* XCRemoteSwiftPackageReference "FeedKit" */;
			productName = FeedKit;
		};
		FCDF79462475B03C00CB5B55 /* Alamofire */ = {
			isa = XCSwiftPackageProductDependency;
			package = FCDF79452475B03C00CB5B55 /* XCRemoteSwiftPackageReference "Alamofire" */;
			productName = Alamofire;
		};
/* End XCSwiftPackageProductDependency section */
	};
	rootObject = FC2C0B3B246CCD7300534778 /* Project object */;
}
