{
  "object": {
    "pins": [
      {
        "package": "Alamofire",
        "repositoryURL": "https://github.com/Alamofire/Alamofire.git",
        "state": {
          "branch": null,
          "revision": "64dd16a5f2099dd5400f5e6d1442dc5ab0c1d917",
          "version": "5.2.0"
        }
      },
      {
        "package": "FeedKit",
        "repositoryURL": "https://github.com/nmdias/FeedKit.git",
        "state": {
          "branch": null,
          "revision": "68493a33d862c33c9a9f67ec729b3b7df1b20ade",
          "version": "9.1.2"
        }
      },
      {
        "package": "SwiftyJSON",
        "repositoryURL": "https://github.com/SwiftyJSON/SwiftyJSON.git",
        "state": {
          "branch": null,
          "revision": "2b6054efa051565954e1d2b9da831680026cd768",
          "version": "5.0.0"
        }
      }
    ]
  },
  "version": 1
}
